
Microsoft Visual Studio Solution File, Format Version 12.00
# Visual Studio 15
VisualStudioVersion = 15.0.28010.2026
MinimumVisualStudioVersion = 10.0.40219.1
Project("{FAE04EC0-301F-11D3-BF4B-00C04F79EFBC}") = "QRCode", "QRCode\QRCode.csproj", "{178AAA20-69BA-4F36-AF1F-3A24461BDA9D}"
EndProject
Global
	GlobalSection(SolutionConfigurationPlatforms) = preSolution
		Debug|Any CPU = Debug|Any CPU
		Release|Any CPU = Release|Any CPU
	EndGlobalSection
	GlobalSection(ProjectConfigurationPlatforms) = postSolution
		{178AAA20-69BA-4F36-AF1F-3A24461BDA9D}.Debug|Any CPU.ActiveCfg = Debug|Any CPU
		{178AAA20-69BA-4F36-AF1F-3A24461BDA9D}.Debug|Any CPU.Build.0 = Debug|Any CPU
		{178AAA20-69BA-4F36-AF1F-3A24461BDA9D}.Release|Any CPU.ActiveCfg = Release|Any CPU
		{178AAA20-69BA-4F36-AF1F-3A24461BDA9D}.Release|Any CPU.Build.0 = Release|Any CPU
	EndGlobalSection
	GlobalSection(SolutionProperties) = preSolution
		HideSolutionNode = FALSE
	EndGlobalSection
	GlobalSection(ExtensibilityGlobals) = postSolution
		SolutionGuid = {66B5BB05-ABDF-4609-9B54-C14717DAB2AA}
	EndGlobalSection
EndGlobal
